
Microsoft Visual Studio Solution File, Format Version 12.00
# Visual Studio Version 16
VisualStudioVersion = 16.0.30114.105
MinimumVisualStudioVersion = 10.0.40219.1
Project("{9A19103F-16F7-4668-BE54-9A1E7A4F7556}") = "VirtualMind.Test.Data", "VirtualMind.Test.Data\VirtualMind.Test.Data.csproj", "{A560555B-54EE-4B6B-9813-7387FD5D3BEE}"
EndProject
Project("{9A19103F-16F7-4668-BE54-9A1E7A4F7556}") = "VirtualMind.Test.Interface", "VirtualMind.Test.Interface\VirtualMind.Test.Interface.csproj", "{DFF19971-E734-441F-8B2C-D09A4D348017}"
EndProject
Project("{9A19103F-16F7-4668-BE54-9A1E7A4F7556}") = "VirtualMind.Test.Model", "VirtualMind.Test.Model\VirtualMind.Test.Model.csproj", "{62F5288E-0054-4F23-ABD4-4A36A90B5CB8}"
EndProject
Project("{9A19103F-16F7-4668-BE54-9A1E7A4F7556}") = "VirtualMind.Test.Repositories", "VirtualMind.Test.Repositories\VirtualMind.Test.Repositories.csproj", "{BD2D44A6-52DF-44DF-9106-BA95BA4ED5C5}"
EndProject
Project("{FAE04EC0-301F-11D3-BF4B-00C04F79EFBC}") = "Virtualmind.Test.APIServices", "Virtualmind.Test.APIServices\Virtualmind.Test.APIServices.csproj", "{72D76A62-77D1-49E7-B032-B96E4AD08C8F}"
EndProject
Global
	GlobalSection(SolutionConfigurationPlatforms) = preSolution
		Debug|Any CPU = Debug|Any CPU
		Release|Any CPU = Release|Any CPU
	EndGlobalSection
	GlobalSection(ProjectConfigurationPlatforms) = postSolution
		{A560555B-54EE-4B6B-9813-7387FD5D3BEE}.Debug|Any CPU.ActiveCfg = Debug|Any CPU
		{A560555B-54EE-4B6B-9813-7387FD5D3BEE}.Debug|Any CPU.Build.0 = Debug|Any CPU
		{A560555B-54EE-4B6B-9813-7387FD5D3BEE}.Release|Any CPU.ActiveCfg = Release|Any CPU
		{A560555B-54EE-4B6B-9813-7387FD5D3BEE}.Release|Any CPU.Build.0 = Release|Any CPU
		{DFF19971-E734-441F-8B2C-D09A4D348017}.Debug|Any CPU.ActiveCfg = Debug|Any CPU
		{DFF19971-E734-441F-8B2C-D09A4D348017}.Debug|Any CPU.Build.0 = Debug|Any CPU
		{DFF19971-E734-441F-8B2C-D09A4D348017}.Release|Any CPU.ActiveCfg = Release|Any CPU
		{DFF19971-E734-441F-8B2C-D09A4D348017}.Release|Any CPU.Build.0 = Release|Any CPU
		{62F5288E-0054-4F23-ABD4-4A36A90B5CB8}.Debug|Any CPU.ActiveCfg = Debug|Any CPU
		{62F5288E-0054-4F23-ABD4-4A36A90B5CB8}.Debug|Any CPU.Build.0 = Debug|Any CPU
		{62F5288E-0054-4F23-ABD4-4A36A90B5CB8}.Release|Any CPU.ActiveCfg = Release|Any CPU
		{62F5288E-0054-4F23-ABD4-4A36A90B5CB8}.Release|Any CPU.Build.0 = Release|Any CPU
		{BD2D44A6-52DF-44DF-9106-BA95BA4ED5C5}.Debug|Any CPU.ActiveCfg = Debug|Any CPU
		{BD2D44A6-52DF-44DF-9106-BA95BA4ED5C5}.Debug|Any CPU.Build.0 = Debug|Any CPU
		{BD2D44A6-52DF-44DF-9106-BA95BA4ED5C5}.Release|Any CPU.ActiveCfg = Release|Any CPU
		{BD2D44A6-52DF-44DF-9106-BA95BA4ED5C5}.Release|Any CPU.Build.0 = Release|Any CPU
		{72D76A62-77D1-49E7-B032-B96E4AD08C8F}.Debug|Any CPU.ActiveCfg = Debug|Any CPU
		{72D76A62-77D1-49E7-B032-B96E4AD08C8F}.Debug|Any CPU.Build.0 = Debug|Any CPU
		{72D76A62-77D1-49E7-B032-B96E4AD08C8F}.Release|Any CPU.ActiveCfg = Release|Any CPU
		{72D76A62-77D1-49E7-B032-B96E4AD08C8F}.Release|Any CPU.Build.0 = Release|Any CPU
	EndGlobalSection
	GlobalSection(SolutionProperties) = preSolution
		HideSolutionNode = FALSE
	EndGlobalSection
	GlobalSection(ExtensibilityGlobals) = postSolution
		SolutionGuid = {010B92E7-722D-4D13-A92E-6A5A6A06398E}
	EndGlobalSection
EndGlobal
